
Microsoft Visual Studio Solution File, Format Version 12.00
# Visual Studio Version 17
VisualStudioVersion = 17.0.31903.59
MinimumVisualStudioVersion = 10.0.40219.1
Project("{2150E333-8FDC-42A3-9474-1A3956D46DE8}") = "src", "src", "{02EA681E-C7D8-13C7-8484-4AC65E1B71E8}"
EndProject
Project("{FAE04EC0-301F-11D3-BF4B-00C04F79EFBC}") = "Nast.SimpleMediator", "Nast.SimpleMediator\Nast.SimpleMediator.csproj", "{99D3B8C7-84C6-4684-85E2-B0ADEE296EB3}"
EndProject
Project("{2150E333-8FDC-42A3-9474-1A3956D46DE8}") = "Elementos de la solución", "Elementos de la solución", "{D107F4C8-89CC-BEA8-D3D7-CA6B7733353D}"
	ProjectSection(SolutionItems) = preProject
		.gitignore = .gitignore
		README.md = README.md
	EndProjectSection
EndProject
Global
	GlobalSection(SolutionConfigurationPlatforms) = preSolution
		Debug|Any CPU = Debug|Any CPU
		Release|Any CPU = Release|Any CPU
	EndGlobalSection
	GlobalSection(ProjectConfigurationPlatforms) = postSolution
		{99D3B8C7-84C6-4684-85E2-B0ADEE296EB3}.Debug|Any CPU.ActiveCfg = Debug|Any CPU
		{99D3B8C7-84C6-4684-85E2-B0ADEE296EB3}.Debug|Any CPU.Build.0 = Debug|Any CPU
		{99D3B8C7-84C6-4684-85E2-B0ADEE296EB3}.Release|Any CPU.ActiveCfg = Release|Any CPU
		{99D3B8C7-84C6-4684-85E2-B0ADEE296EB3}.Release|Any CPU.Build.0 = Release|Any CPU
	EndGlobalSection
	GlobalSection(SolutionProperties) = preSolution
		HideSolutionNode = FALSE
	EndGlobalSection
	GlobalSection(NestedProjects) = preSolution
		{99D3B8C7-84C6-4684-85E2-B0ADEE296EB3} = {02EA681E-C7D8-13C7-8484-4AC65E1B71E8}
	EndGlobalSection
	GlobalSection(ExtensibilityGlobals) = postSolution
		SolutionGuid = {5CCCF792-CFD1-4153-8062-43890AC2FC66}
	EndGlobalSection
EndGlobal
