Microsoft Visual Studio Solution File, Format Version 12.00
# Visual Studio Version 17
VisualStudioVersion = 17.5.2.0
MinimumVisualStudioVersion = 10.0.40219.1
Project("{FAE04EC0-301F-11D3-BF4B-00C04F79EFBC}") = "Nast.SimpleMediator", "Nast.SimpleMediator.csproj", "{ED293364-BADD-4296-A3F1-F193C3A1C120}"
EndProject
Global
	GlobalSection(SolutionConfigurationPlatforms) = preSolution
		Debug|Any CPU = Debug|Any CPU
		Release|Any CPU = Release|Any CPU
	EndGlobalSection
	GlobalSection(ProjectConfigurationPlatforms) = postSolution
		{ED293364-BADD-4296-A3F1-F193C3A1C120}.Debug|Any CPU.ActiveCfg = Debug|Any CPU
		{ED293364-BADD-4296-A3F1-F193C3A1C120}.Debug|Any CPU.Build.0 = Debug|Any CPU
		{ED293364-BADD-4296-A3F1-F193C3A1C120}.Release|Any CPU.ActiveCfg = Release|Any CPU
		{ED293364-BADD-4296-A3F1-F193C3A1C120}.Release|Any CPU.Build.0 = Release|Any CPU
	EndGlobalSection
	GlobalSection(SolutionProperties) = preSolution
		HideSolutionNode = FALSE
	EndGlobalSection
	GlobalSection(ExtensibilityGlobals) = postSolution
		SolutionGuid = {59D36898-BAB6-499E-8F28-F7670891A09A}
	EndGlobalSection
EndGlobal
